github.com/calebcase/tmpfile v1.0.3 h1:BZrOWZ79gJqQ3XbAQlihYZf/YCV0H4KPIdM5K5oMpJo=
github.com/calebcase/tmpfile v1.0.3/go.mod h1:UAUc01aHeC+pudPagY/lWvt2qS9ZO5Zzof6/tIUzqeI=
github.com/davecgh/go-spew v1.1.2-0.20180830191138-d8f796af33cc h1:U9qPSI2PIWSS1VwoXQT9A3Wy9MM3WgvqSxFWenqJduM=
github.com/davecgh/go-spew v1.1.2-0.20180830191138-d8f796af33cc/go.mod h1:J7Y8YcW2NihsgmVo/mv3lAwl/skON4iLHjSsI+c5H38=
github.com/gogo/protobuf v1.3.2 h1:Ov1cvc58UF3b5XjBnZv7+opcTcQFZebYjWzi34vdm4Q=
github.com/gogo/protobuf v1.3.2/go.mod h1:P1XiOD3dCwIKUDQYPy72D8LYyHL2YPYrpS2s69NZV8Q=
github.com/google/pprof v0.0.0-20241029153458-d1b30febd7db h1:097atOisP2aRj7vFgYQBbFN4U4JNXUNYpxael3UzMyo=
github.com/google/pprof v0.0.0-20241029153458-d1b30febd7db/go.mod h1:vavhavw2zAxS5dIdcRluK6cSGGPlZynqzFM8NdvU144=
github.com/kisielk/errcheck v1.5.0/go.mod h1:pFxgyoBC7bSaBwPgfKdkLd5X25qrDl4LWUI2bnpBCr8=
github.com/kisielk/gotool v1.0.0/go.mod h1:XhKaO+MFFWcvkIS/tQcRk01m1F5IRFswLeQ+oQHNcck=
github.com/klauspost/cpuid/v2 v2.0.12/go.mod h1:g2LTdtYhdyuGPqyWyv7qRAmj1WBqxuObKfj5c0PQa7c=
github.com/klauspost/cpuid/v2 v2.2.5 h1:0E5MSMDEoAulmXNFquVs//DdoomxaoTY1kUhbc/qbZg=
github.com/klauspost/cpuid/v2 v2.2.5/go.mod h1:Lcz8mBdAVJIBVzewtcLocK12l3Y+JytZYpaMropDUws=
github.com/pmezard/go-difflib v1.0.1-0.20181226105442-5d4384ee4fb2 h1:Jamvg5psRIccs7FGNTlIRMkT8wgtp5eCXdBlqhYGL6U=
github.com/pmezard/go-difflib v1.0.1-0.20181226105442-5d4384ee4fb2/go.mod h1:iKH77koFhYxTK1pcRnkKkqfTogsbg7gZNVY4sRDYZ/4=
github.com/spacemonkeygo/monkit/v3 v3.0.25-0.20251022131615-eb24eb109368 h1:GyYC5Ntqk/yy9lEIGE7chdIvt4zP44taycwd9YDSGdc=
github.com/spacemonkeygo/monkit/v3 v3.0.25-0.20251022131615-eb24eb109368/go.mod h1:XkZYGzknZwkD0AKUnZaSXhRiVTLCkq7CWVa3IsE72gA=
github.com/spf13/pflag v1.0.5 h1:iy+VFUOCP1a+8yFto/drg2CJ5u0yRoB7fZw3DKv/JXA=
github.com/spf13/pflag v1.0.5/go.mod h1:McXfInJRrz4CZXVZOBLb0bTZqETkiAhM9Iw0y3An2Bg=
github.com/stretchr/testify v1.10.0 h1:Xv5erBjTwe/5IxqUQTdXv5kgmIvbHo3QQyRwhJsOfJA=
github.com/stretchr/testify v1.10.0/go.mod h1:r2ic/lqez/lEtzL7wO/rwa5dbSLXVDPFyf8C91i36aY=
github.com/yuin/goldmark v1.1.27/go.mod h1:3hX8gzYuyVAZsxl0MRgGTJEmQBFcNTphYh9decYSb74=
github.com/yuin/goldmark v1.2.1/go.mod h1:3hX8gzYuyVAZsxl0MRgGTJEmQBFcNTphYh9decYSb74=
github.com/zeebo/assert v1.1.0/go.mod h1:Pq9JiuJQpG8JLJdtkwrJESF0Foym2/D9XMU5ciN/wJ0=
github.com/zeebo/assert v1.3.0/go.mod h1:Pq9JiuJQpG8JLJdtkwrJESF0Foym2/D9XMU5ciN/wJ0=
github.com/zeebo/assert v1.3.1 h1:vukIABvugfNMZMQO1ABsyQDJDTVQbn+LWSMy1ol1h6A=
github.com/zeebo/assert v1.3.1/go.mod h1:Pq9JiuJQpG8JLJdtkwrJESF0Foym2/D9XMU5ciN/wJ0=
github.com/zeebo/blake3 v0.2.3 h1:TFoLXsjeXqRNFxSbk35Dk4YtszE/MQQGK10BH4ptoTg=
github.com/zeebo/blake3 v0.2.3/go.mod h1:mjJjZpnsyIVtVgTOSpJ9vmRE4wgDeyt2HU3qXvvKCaQ=
github.com/zeebo/clingy v0.0.0-20250609200504-bc547d5f79c0 h1:xK8Iixw66bSYc3n8tSXjvOmlzCcigqHEyG2UgyHs/bU=
github.com/zeebo/clingy v0.0.0-20250609200504-bc547d5f79c0/go.mod h1:MHEhXvEfewflU7SSVKHI7nkdU+fpyxZ5XPPzj+5gYNw=
github.com/zeebo/errs v1.4.0 h1:XNdoD/RRMKP7HD0UhJnIzUy74ISdGGxURlYG8HSWSfM=
github.com/zeebo/errs v1.4.0/go.mod h1:sgbWHsvVuTPHcqJJGQ1WhI5KbWlHYz+2+2C/LSEtCw4=
github.com/zeebo/errs/v2 v2.0.3/go.mod h1:OKmvVZt4UqpyJrYFykDKm168ZquJ55pbbIVUICNmLN0=
github.com/zeebo/errs/v2 v2.0.5 h1:edtyFoQq9OBBsNPcu0b0wHtRvA8haukAHrGyOfWQGNI=
github.com/zeebo/errs/v2 v2.0.5/go.mod h1:OKmvVZt4UqpyJrYFykDKm168ZquJ55pbbIVUICNmLN0=
github.com/zeebo/mwc v0.0.6 h1:Kgs24P3WhWlBS67e8Iy7lHbXHMAab0LwTsP4845x9mc=
github.com/zeebo/mwc v0.0.6/go.mod h1:0B32or6moOig1YGuqMoimBpU9QK9uYaGG2bBOuddqtE=
github.com/zeebo/pcg v1.0.1 h1:lyqfGeWiv4ahac6ttHs+I5hwtH/+1mrhlCtVNQM2kHo=
github.com/zeebo/pcg v1.0.1/go.mod h1:09F0S9iiKrwn9rlI5yjLkmrug154/YRW6KnnXVDM/l4=
github.com/zeebo/xxh3 v1.0.2 h1:xZmwmqxHZA8AI603jOQ0tMqmBr9lPeFwGg6d+xy9DC0=
github.com/zeebo/xxh3 v1.0.2/go.mod h1:5NWz9Sef7zIDm2JHfFlcQvNekmcEl9ekUZQQKCYaDcA=
go.uber.org/goleak v1.3.0 h1:2K3zAYmnTNqV73imy9J1T3WC+gmCePx2hEGkimedGto=
go.uber.org/goleak v1.3.0/go.mod h1:CoHD4mav9JJNrW/WLlf7HGZPjdw8EucARQHekz1X6bE=
go.uber.org/multierr v1.10.0 h1:S0h4aNzvfcFsC3dRF1jLoaov7oRaKqRGC/pUEJ2yvPQ=
go.uber.org/multierr v1.10.0/go.mod h1:20+QtiLqy0Nd6FdQB9TLXag12DsQkrbs3htMFfDN80Y=
go.uber.org/zap v1.27.0 h1:aJMhYGrd5QSmlpLMr2MftRKl7t8J8PTZPA732ud/XR8=
go.uber.org/zap v1.27.0/go.mod h1:GB2qFLM7cTU87MWRP2mPIjqfIDnGu+VIO4V/SdhGo2E=
golang.org/x/crypto v0.0.0-20190308221718-c2843e01d9a2/go.mod h1:djNgcEr1/C05ACkg1iLfiJU5Ep61QUkGW8qpdssI0+w=
golang.org/x/crypto v0.0.0-20191011191535-87dc89f01550/go.mod h1:yigFU9vqHzYiE8UmvKecakEJjdnWj3jj499lnFckfCI=
golang.org/x/crypto v0.0.0-20200622213623-75b288015ac9/go.mod h1:LzIPMQfyMNhhGPhUkYOs5KpL4U8rLKemX1yGLhDgUto=
golang.org/x/crypto v0.42.0 h1:chiH31gIWm57EkTXpwnqf8qeuMUi0yekh6mT2AvFlqI=
golang.org/x/crypto v0.42.0/go.mod h1:4+rDnOTJhQCx2q7/j6rAN5XDw8kPjeaXEUR2eL94ix8=
golang.org/x/exp v0.0.0-20240719175910-8a7402abbf56 h1:2dVuKD2vS7b0QIHQbpyTISPd0LeHDbnYEryqj5Q1ug8=
golang.org/x/exp v0.0.0-20240719175910-8a7402abbf56/go.mod h1:M4RDyNAINzryxdtnbRXRL/OHtkFuWGRjvuhBJpk2IlY=
golang.org/x/mod v0.2.0/go.mod h1:s0Qsj1ACt9ePp/hMypM3fl4fZqREWJwdYDEqhRiZZUA=
golang.org/x/mod v0.3.0/go.mod h1:s0Qsj1ACt9ePp/hMypM3fl4fZqREWJwdYDEqhRiZZUA=
golang.org/x/net v0.0.0-20190404232315-eb5bcb51f2a3/go.mod h1:t9HGtf8HONx5eT2rtn7q6eTqICYqUVnKs3thJo3Qplg=
golang.org/x/net v0.0.0-20190620200207-3b0461eec859/go.mod h1:z5CRVTTTmAJ677TzLLGU+0bjPO0LkuOLi4/5GtJWs/s=
golang.org/x/net v0.0.0-20200226121028-0de0cce0169b/go.mod h1:z5CRVTTTmAJ677TzLLGU+0bjPO0LkuOLi4/5GtJWs/s=
golang.org/x/net v0.0.0-20201021035429-f5854403a974/go.mod h1:sp8m0HH+o8qH0wwXwYZr8TS3Oi6o0r6Gce1SSxlDquU=
golang.org/x/sync v0.0.0-20190423024810-112230192c58/go.mod h1:RxMgew5VJxzue5/jJTE5uejpjVlOe/izrB70Jof72aM=
golang.org/x/sync v0.0.0-20190911185100-cd5d95a43a6e/go.mod h1:RxMgew5VJxzue5/jJTE5uejpjVlOe/izrB70Jof72aM=
golang.org/x/sync v0.0.0-20201020160332-67f06af15bc9/go.mod h1:RxMgew5VJxzue5/jJTE5uejpjVlOe/izrB70Jof72aM=
golang.org/x/sync v0.17.0 h1:l60nONMj9l5drqw6jlhIELNv9I0A4OFgRsG9k2oT9Ug=
golang.org/x/sync v0.17.0/go.mod h1:9KTHXmSnoGruLpwFjVSX0lNNA75CykiMECbovNTZqGI=
golang.org/x/sys v0.0.0-20190215142949-d0b11bdaac8a/go.mod h1:STP8DvDyc/dI5b8T5hshtkjS+E42TnysNCUPdjciGhY=
golang.org/x/sys v0.0.0-20190412213103-97732733099d/go.mod h1:h1NjWce9XRLGQEsW7wpKNCjG9DtNlClVuFLEZdDNbEs=
golang.org/x/sys v0.0.0-20200930185726-fdedc70b468f/go.mod h1:h1NjWce9XRLGQEsW7wpKNCjG9DtNlClVuFLEZdDNbEs=
golang.org/x/sys v0.5.0/go.mod h1:oPkhp1MJrh7nUepCBck5+mAzfO9JrbApNNgaTdGDITg=
golang.org/x/sys v0.36.0 h1:KVRy2GtZBrk1cBYA7MKu5bEZFxQk4NIDV6RLVcC8o0k=
golang.org/x/sys v0.36.0/go.mod h1:OgkHotnGiDImocRcuBABYBEXf8A9a87e/uXjp9XT3ks=
golang.org/x/text v0.3.0/go.mod h1:NqM8EUOU14njkJ3fqMW+pc6Ldnwhi/IjpwHt7yyuwOQ=
golang.org/x/text v0.3.3/go.mod h1:5Zoc/QRtKVWzQhOtBMvqHzDpF6irO9z98xDceosuGiQ=
golang.org/x/tools v0.0.0-20180917221912-90fa682c2a6e/go.mod h1:n7NCudcB/nEzxVGmLbDWY5pfWTLqBcC2KZ6jyYvM4mQ=
golang.org/x/tools v0.0.0-20191119224855-298f0cb1881e/go.mod h1:b+2E5dAYhXwXZwtnZ6UAqBI28+e2cm9otk0dWdXHAEo=
golang.org/x/tools v0.0.0-20200619180055-7c47624df98f/go.mod h1:EkVYQZoAsY45+roYkvgYkIh4xh/qjgUK9TdY2XT94GE=
golang.org/x/tools v0.0.0-20210106214847-113979e3529a/go.mod h1:emZCQorbCU4vsT4fOWvOPXz4eW1wZW4PmDk9uLelYpA=
golang.org/x/xerrors v0.0.0-20190717185122-a985d3407aa7/go.mod h1:I/5z698sn9Ka8TeJc9MKroUUfqBBauWjQqLJ2OPfmY0=
golang.org/x/xerrors v0.0.0-20191011141410-1b5146add898/go.mod h1:I/5z698sn9Ka8TeJc9MKroUUfqBBauWjQqLJ2OPfmY0=
golang.org/x/xerrors v0.0.0-20191204190536-9bdfabe68543/go.mod h1:I/5z698sn9Ka8TeJc9MKroUUfqBBauWjQqLJ2OPfmY0=
golang.org/x/xerrors v0.0.0-20200804184101-5ec99f83aff1/go.mod h1:I/5z698sn9Ka8TeJc9MKroUUfqBBauWjQqLJ2OPfmY0=
gopkg.in/yaml.v3 v3.0.1 h1:fxVm/GzAzEWqLHuvctI91KS9hhNmmWOoWu0XTYJS7CA=
gopkg.in/yaml.v3 v3.0.1/go.mod h1:K4uyk7z7BCEPqu6E+C64Yfv1cQ7kz7rIZviUmN+EgEM=
storj.io/common v0.0.0-20251120170554-032ced125058 h1:jhf8UTzymGipcugzXsOvQCYEJFPZ9Xn6laNAcRy3FHk=
storj.io/common v0.0.0-20251120170554-032ced125058/go.mod h1:XNX7uykja6aco92y2y8RuqaXIDRPpt1YA2OQDKlKEUk=
storj.io/drpc v0.0.35-0.20250513201419-f7819ea69b55 h1:8OE12DvUnB9lfZcHe7IDGsuhjrY9GBAr964PVHmhsro=
storj.io/drpc v0.0.35-0.20250513201419-f7819ea69b55/go.mod h1:Y9LZaa8esL1PW2IDMqJE7CFSNq7d5bQ3RI7mGPtmKMg=
storj.io/storj v1.143.2 h1:5O2lgFAXKSW13JwhjvN1+eGSm5Pp580uzgy+YZP6ejU=
storj.io/storj v1.143.2/go.mod h1:ggQWztRC2Ek02ypQLmpo6v1NWKATXHvFokXxWfDIi78=
