# This file is autogenerated, do not edit; changes may be undone by the next 'dep ensure'.


[[projects]]
  branch = "master"
  name = "github.com/anacrolix/missinggo"
  packages = [
    ".",
    "inproc",
    "pproffd"
  ]
  revision = "7cf54799d7d65e94d17f90d51ac4dee79f57af04"

[[projects]]
  branch = "master"
  name = "github.com/anacrolix/sync"
  packages = ["."]
  revision = "3c4cb11f5a01b7769739b3a408c493e947fb839f"

[[projects]]
  branch = "master"
  name = "github.com/anacrolix/utp"
  packages = ["."]
  revision = "9e0e1d1d0572f5a09a669d4ea0372d8e8078dcc9"

[[projects]]
  branch = "master"
  name = "github.com/beorn7/perks"
  packages = ["quantile"]
  revision = "3a771d992973f24aa725d07868b467d1ddfceafb"

[[projects]]
  name = "github.com/boltdb/bolt"
  packages = ["."]
  revision = "2f1ce7a837dcb8da3ec595b1dac9d0632f0f99e8"
  version = "v1.3.1"

[[projects]]
  name = "github.com/ccding/go-stun"
  packages = ["stun"]
  revision = "04a4eed61c57ecc9903f8983d1d2c17b88d2e9e1"
  version = "0.1.0"

[[projects]]
  name = "github.com/cheggaaa/pb"
  packages = ["."]
  revision = "c112833d014c77e8bde723fd0158e3156951639f"
  version = "v2.0.6"

[[projects]]
  name = "github.com/cloudfoundry/gosigar"
  packages = [
    ".",
    "sys/windows"
  ]
  revision = "dcb1afc219e4c99f21c37fb1ec22ed9ffe443317"
  version = "v1.1.0"

[[projects]]
  name = "github.com/coredns/coredns"
  packages = [
    "plugin/etcd/msg",
    "plugin/pkg/dnsutil"
  ]
  revision = "f78f30231df90da6184d5f811ecf9c06b0160c2b"
  version = "v1.1.4"

[[projects]]
  name = "github.com/coreos/etcd"
  packages = [
    "client",
    "pkg/pathutil",
    "pkg/srv",
    "pkg/types",
    "version"
  ]
  revision = "33245c6b5b49130ca99280408fadfab01aac0e48"
  version = "v3.3.8"

[[projects]]
  name = "github.com/coreos/go-semver"
  packages = ["semver"]
  revision = "8ab6407b697782a06568d4b7f1db25550ec2e4c6"
  version = "v0.2.0"

[[projects]]
  branch = "master"
  name = "github.com/coyle/kademlia"
  packages = ["."]
  revision = "de4313d761cdd87b7f363586530e2b6c79460a72"

[[projects]]
  name = "github.com/davecgh/go-spew"
  packages = ["spew"]
  revision = "346938d642f2ec3594ed81d874461961cd0faa76"
  version = "v1.1.0"

[[projects]]
  name = "github.com/dgrijalva/jwt-go"
  packages = [
    ".",
    "request"
  ]
  revision = "06ea1031745cb8b3dab3f6a236daf2b0aa468b7e"
  version = "v3.2.0"

[[projects]]
  name = "github.com/djherbis/atime"
  packages = ["."]
  revision = "8e47e0e01d08df8b9f840d74299c8ab70a024a30"
  version = "v1.0.0"

[[projects]]
  branch = "master"
  name = "github.com/dustin/go-humanize"
  packages = ["."]
  revision = "02af3965c54e8cacf948b97fef38925c4120652c"

[[projects]]
  branch = "master"
  name = "github.com/dvyukov/go-fuzz"
  packages = ["gen"]
  revision = "c2814e6bc6d77bf44add053ab5d92fdef86d6755"

[[projects]]
  name = "github.com/eapache/go-resiliency"
  packages = ["breaker"]
  revision = "ea41b0fad31007accc7f806884dcdf3da98b79ce"
  version = "v1.1.0"

[[projects]]
  branch = "master"
  name = "github.com/eapache/go-xerial-snappy"
  packages = ["."]
  revision = "040cc1a32f578808623071247fdbd5cc43f37f5f"

[[projects]]
  name = "github.com/eapache/queue"
  packages = ["."]
  revision = "44cc805cf13205b55f69e14bcb69867d1ae92f98"
  version = "v1.1.0"

[[projects]]
  name = "github.com/eclipse/paho.mqtt.golang"
  packages = [
    ".",
    "packets"
  ]
  revision = "36d01c2b4cbeb3d2a12063e4880ce30800af9560"
  version = "v1.1.1"

[[projects]]
  name = "github.com/elazarl/go-bindata-assetfs"
  packages = ["."]
  revision = "30f82fa23fd844bd5bb1e5f216db87fd77b5eb43"
  version = "v1.0.0"

[[projects]]
  name = "github.com/fatih/color"
  packages = ["."]
  revision = "5b77d2a35fb0ede96d138fc9a99f5c9b6aef11b4"
  version = "v1.7.0"

[[projects]]
  name = "github.com/fatih/structs"
  packages = ["."]
  revision = "a720dfa8df582c51dee1b36feabb906bde1588bd"
  version = "v1.0"

[[projects]]
  name = "github.com/fsnotify/fsnotify"
  packages = ["."]
  revision = "c2828203cd70a50dcccfb2761f8b1f8ceef9a8e9"
  version = "v1.4.7"

[[projects]]
  name = "github.com/garyburd/redigo"
  packages = [
    "internal",
    "redis"
  ]
  revision = "a69d19351219b6dd56f274f96d85a7014a2ec34e"
  version = "v1.6.0"

[[projects]]
  name = "github.com/go-ini/ini"
  packages = ["."]
  revision = "06f5f3d67269ccec1fe5fe4134ba6e982984f7f5"
  version = "v1.37.0"

[[projects]]
  name = "github.com/go-redis/redis"
  packages = [
    ".",
    "internal",
    "internal/consistenthash",
    "internal/hashtag",
    "internal/pool",
    "internal/proto",
    "internal/singleflight",
    "internal/util"
  ]
  revision = "83fb42932f6145ce52df09860384a4653d2d332a"
  version = "v6.12.0"

[[projects]]
  name = "github.com/go-sql-driver/mysql"
  packages = ["."]
  revision = "d523deb1b23d913de5bdada721a6071e71283618"
  version = "v1.4.0"

[[projects]]
  name = "github.com/gogo/protobuf"
  packages = [
    "gogoproto",
    "proto",
    "protoc-gen-gogo/descriptor"
  ]
  revision = "1adfc126b41513cc696b209667c8656ea7aac67c"
  version = "v1.0.0"

[[projects]]
  name = "github.com/golang/mock"
  packages = ["gomock"]
  revision = "c34cdb4725f4c3844d095133c6e40e448b86589b"
  version = "v1.1.1"

[[projects]]
  name = "github.com/golang/protobuf"
  packages = [
    "proto",
    "ptypes",
    "ptypes/any",
    "ptypes/duration",
    "ptypes/timestamp"
  ]
  revision = "b4deda0973fb4c70b50d226b1af49f3da59f5265"
  version = "v1.1.0"

[[projects]]
  branch = "master"
  name = "github.com/golang/snappy"
  packages = ["."]
  revision = "2e65f85255dbc3072edf28d6b5b8efc472979f5a"

[[projects]]
  name = "github.com/gorilla/context"
  packages = ["."]
  revision = "08b5f424b9271eedf6f9f0ce86cb9396ed337a42"
  version = "v1.1.1"

[[projects]]
  name = "github.com/gorilla/handlers"
  packages = ["."]
  revision = "90663712d74cb411cbef281bc1e08c19d1a76145"
  version = "v1.3.0"

[[projects]]
  name = "github.com/gorilla/mux"
  packages = ["."]
  revision = "e3702bed27f0d39777b0b37b664b6280e8ef8fbf"
  version = "v1.6.2"

[[projects]]
  name = "github.com/gorilla/rpc"
  packages = [
    "v2",
    "v2/json2"
  ]
  revision = "22c016f3df3febe0c1f6727598b6389507e03a18"
  version = "v1.1.0"

[[projects]]
  branch = "master"
  name = "github.com/hashicorp/hcl"
  packages = [
    ".",
    "hcl/ast",
    "hcl/parser",
    "hcl/printer",
    "hcl/scanner",
    "hcl/strconv",
    "hcl/token",
    "json/parser",
    "json/scanner",
    "json/token"
  ]
  revision = "ef8a98b0bbce4a65b5aa4c368430a80ddc533168"

[[projects]]
  branch = "master"
  name = "github.com/howeyc/gopass"
  packages = ["."]
  revision = "bf9dde6d0d2c004a008c27aaee91170c786f6db8"

[[projects]]
  name = "github.com/huandu/xstrings"
  packages = ["."]
  revision = "2bf18b218c51864a87384c06996e40ff9dcff8e1"
  version = "v1.0.0"

[[projects]]
  branch = "master"
  name = "github.com/inconshreveable/go-update"
  packages = [
    ".",
    "internal/binarydist",
    "internal/osext"
  ]
  revision = "8152e7eb6ccf8679a64582a66b78519688d156ad"

[[projects]]
  name = "github.com/inconshreveable/mousetrap"
  packages = ["."]
  revision = "76626ae9c91c4f2a10f34cad8ce83ea42c93bb75"
  version = "v1.0"

[[projects]]
  name = "github.com/jbenet/go-base58"
  packages = ["."]
  revision = "6237cf65f3a6f7111cd8a42be3590df99a66bc7d"
  version = "1.0.0"

[[projects]]
  branch = "master"
  name = "github.com/jtolds/monkit-hw"
  packages = ["."]
  revision = "9b6edb34372a110992ea2e174886cb03ff971230"

[[projects]]
  name = "github.com/klauspost/cpuid"
  packages = ["."]
  revision = "ae7887de9fa5d2db4eaa8174a7eff2c1ac00f2da"
  version = "v1.1"

[[projects]]
  name = "github.com/klauspost/reedsolomon"
  packages = ["."]
  revision = "6bb6130ff6a76a904c1841707d65603aec9cc288"
  version = "v1.6"

[[projects]]
  branch = "master"
  name = "github.com/lib/pq"
  packages = [
    ".",
    "oid"
  ]
  revision = "90697d60dd844d5ef6ff15135d0203f65d2f53b8"

[[projects]]
  name = "github.com/magiconair/properties"
  packages = ["."]
  revision = "c2353362d570a7bfa228149c62842019201cfb71"
  version = "v1.8.0"

[[projects]]
  branch = "master"
  name = "github.com/mailru/easyjson"
  packages = [
    ".",
    "buffer",
    "jlexer",
    "jwriter"
  ]
  revision = "3fdea8d05856a0c8df22ed4bc71b3219245e4485"

[[projects]]
  name = "github.com/mattn/go-colorable"
  packages = ["."]
  revision = "167de6bfdfba052fa6b2d3664c8f5272e23c9072"
  version = "v0.0.9"

[[projects]]
  name = "github.com/mattn/go-isatty"
  packages = ["."]
  revision = "0360b2af4f38e8d38c7fce2a9f4e702702d73a39"
  version = "v0.0.3"

[[projects]]
  name = "github.com/mattn/go-sqlite3"
  packages = ["."]
  revision = "25ecb14adfc7543176f7d85291ec7dba82c6f7e4"
  version = "v1.9.0"

[[projects]]
  name = "github.com/matttproud/golang_protobuf_extensions"
  packages = ["pbutil"]
  revision = "c12348ce28de40eed0136aa2b644d0ee0650e56c"
  version = "v1.0.1"

[[projects]]
  name = "github.com/miekg/dns"
  packages = ["."]
  revision = "5a2b9fab83ff0f8bfc99684bd5f43a37abe560f1"
  version = "v1.0.8"

[[projects]]
  name = "github.com/minio/cli"
  packages = ["."]
  revision = "8683fa7fef37cc8cb092f47bdb6b403e0049f9ee"
  version = "v1.3.0"

[[projects]]
  branch = "master"
  name = "github.com/minio/dsync"
  packages = ["."]
  revision = "439a0961af700f80db84cc180fe324a89070fa65"

[[projects]]
  branch = "master"
  name = "github.com/minio/highwayhash"
  packages = ["."]
  revision = "85fc8a2dacad36a6beb2865793cd81363a496696"

[[projects]]
  branch = "master"
  name = "github.com/minio/lsync"
  packages = ["."]
  revision = "f332c3883f63c75ea6c95eae3aec71a2b2d88b49"

[[projects]]
  branch = "master"
  name = "github.com/minio/mc"
  packages = ["pkg/console"]
  revision = "4ab7f30f996017dae684e91d629c5f498e3a9147"

[[projects]]
  branch = "master"
  name = "github.com/minio/minio"
  packages = [
    "browser",
    "cmd",
    "cmd/http",
    "cmd/logger",
    "cmd/rpc",
    "pkg/auth",
    "pkg/bpool",
    "pkg/certs",
    "pkg/cgroup",
    "pkg/disk",
    "pkg/dns",
    "pkg/ellipses",
    "pkg/event",
    "pkg/event/target",
    "pkg/handlers",
    "pkg/hash",
    "pkg/ioutil",
    "pkg/lock",
    "pkg/madmin",
    "pkg/mimedb",
    "pkg/mountinfo",
    "pkg/net",
    "pkg/policy",
    "pkg/policy/condition",
    "pkg/quick",
    "pkg/safe",
    "pkg/sync/errgroup",
    "pkg/sys",
    "pkg/trie",
    "pkg/wildcard",
    "pkg/words"
  ]
  revision = "0ef0d7e685bd2fbe57bd0351e36649e971cc9a93"

[[projects]]
  name = "github.com/minio/minio-go"
  packages = [
    ".",
    "pkg/credentials",
    "pkg/encrypt",
    "pkg/policy",
    "pkg/s3signer",
    "pkg/s3utils",
    "pkg/set"
  ]
  revision = "70799fe8dae6ecfb6c7d7e9e048fce27f23a1992"
  version = "v6.0.5"

[[projects]]
  branch = "master"
  name = "github.com/minio/sha256-simd"
  packages = ["."]
  revision = "ad98a36ba0da87206e3378c556abbfeaeaa98668"

[[projects]]
  branch = "master"
  name = "github.com/minio/sio"
  packages = [
    ".",
    "internal/cpu"
  ]
  revision = "6a41828a60f0ec95a159ce7921ca3dd566ebd7e3"

[[projects]]
  branch = "master"
  name = "github.com/mitchellh/go-homedir"
  packages = ["."]
  revision = "3864e76763d94a6df2f9960b16a20a33da9f9a66"

[[projects]]
  branch = "master"
  name = "github.com/mitchellh/mapstructure"
  packages = ["."]
  revision = "bb74f1db0675b241733089d5a1faa5dd8b0ef57b"

[[projects]]
  branch = "master"
  name = "github.com/mr-tron/base58"
  packages = ["base58"]
  revision = "4df4dc6e86a912614d09719d10cad427b087cbfb"

[[projects]]
  name = "github.com/nats-io/go-nats"
  packages = [
    ".",
    "encoders/builtin",
    "util"
  ]
  revision = "062418ea1c2181f52dc0f954f6204370519a868b"
  version = "v1.5.0"

[[projects]]
  name = "github.com/nats-io/go-nats-streaming"
  packages = [
    ".",
    "pb"
  ]
  revision = "e15a53f85e4932540600a16b56f6c4f65f58176f"
  version = "v0.4.0"

[[projects]]
  name = "github.com/nats-io/nats"
  packages = ["."]
  revision = "062418ea1c2181f52dc0f954f6204370519a868b"
  version = "v1.5.0"

[[projects]]
  name = "github.com/nats-io/nuid"
  packages = ["."]
  revision = "289cccf02c178dc782430d534e3c1f5b72af807f"
  version = "v1.0.0"

[[projects]]
  name = "github.com/pelletier/go-toml"
  packages = ["."]
  revision = "c01d1270ff3e442a8a57cddc1c92dc1138598194"
  version = "v1.2.0"

[[projects]]
  name = "github.com/pierrec/lz4"
  packages = [
    ".",
    "internal/xxh32"
  ]
  revision = "1958fd8fff7f115e79725b1288e0b878b3e06b00"
  version = "v2.0.3"

[[projects]]
  name = "github.com/pkg/errors"
  packages = ["."]
  revision = "645ef00459ed84a119197bfb8d8205042c6df63d"
  version = "v0.8.0"

[[projects]]
  name = "github.com/pkg/profile"
  packages = ["."]
  revision = "5b67d428864e92711fcbd2f8629456121a56d91f"
  version = "v1.2.1"

[[projects]]
  name = "github.com/pmezard/go-difflib"
  packages = ["difflib"]
  revision = "792786c7400a136282c1664665ae0a8db921c6c2"
  version = "v1.0.0"

[[projects]]
  name = "github.com/prometheus/client_golang"
  packages = [
    "prometheus",
    "prometheus/promhttp"
  ]
  revision = "c5b7fccd204277076155f10851dad72b76a49317"
  version = "v0.8.0"

[[projects]]
  branch = "master"
  name = "github.com/prometheus/client_model"
  packages = ["go"]
  revision = "99fa1f4be8e564e8a6b613da7fa6f46c9edafc6c"

[[projects]]
  branch = "master"
  name = "github.com/prometheus/common"
  packages = [
    "expfmt",
    "internal/bitbucket.org/ww/goautoneg",
    "model"
  ]
  revision = "7600349dcfe1abd18d72d3a1770870d9800a7801"

[[projects]]
  branch = "master"
  name = "github.com/prometheus/procfs"
  packages = [
    ".",
    "internal/util",
    "nfs",
    "xfs"
  ]
  revision = "ae68e2d4c00fed4943b5f6698d504a5fe083da8a"

[[projects]]
  branch = "master"
  name = "github.com/rcrowley/go-metrics"
  packages = ["."]
  revision = "e2704e165165ec55d062f5919b4b29494e9fa790"

[[projects]]
  name = "github.com/rjeczalik/notify"
  packages = ["."]
  revision = "52ae50d8490436622a8941bd70c3dbe0acdd4bbf"
  version = "v0.9.0"

[[projects]]
  name = "github.com/rs/cors"
  packages = ["."]
  revision = "ca016a06a5753f8ba03029c0aa5e54afb1bf713f"
  version = "v1.4.0"

[[projects]]
  name = "github.com/segmentio/go-prompt"
  packages = ["."]
  revision = "0be3d6bb7dff1db1f7d4127e5861ce97772dd891"
  version = "v1.2.0"

[[projects]]
  name = "github.com/sirupsen/logrus"
  packages = ["."]
  revision = "c155da19408a8799da419ed3eeb0cb5db0ad5dbc"
  version = "v1.0.5"

[[projects]]
  branch = "master"
  name = "github.com/skyrings/skyring-common"
  packages = ["tools/uuid"]
  revision = "d1c0bb1cbd5ed8438be1385c85c4f494608cde1e"

[[projects]]
  branch = "master"
  name = "github.com/spacemonkeygo/errors"
  packages = ["."]
  revision = "9064522e9fd1cda39b0ea2484105af3c66410fb3"

[[projects]]
  branch = "master"
  name = "github.com/spacemonkeygo/monotime"
  packages = [
    ".",
    "_cgo"
  ]
  revision = "7067dc99a42a3d5214038549d4b677779c21d5c2"

[[projects]]
  branch = "master"
  name = "github.com/spacemonkeygo/spacelog"
  packages = ["."]
  revision = "2296661a0572a51438413369004fa931c2641923"

[[projects]]
  name = "github.com/spf13/afero"
  packages = [
    ".",
    "mem"
  ]
  revision = "787d034dfe70e44075ccc060d346146ef53270ad"
  version = "v1.1.1"

[[projects]]
  name = "github.com/spf13/cast"
  packages = ["."]
  revision = "8965335b8c7107321228e3e3702cab9832751bac"
  version = "v1.2.0"

[[projects]]
  name = "github.com/spf13/cobra"
  packages = ["."]
  revision = "ef82de70bb3f60c65fb8eebacbb2d122ef517385"
  version = "v0.0.3"

[[projects]]
  branch = "master"
  name = "github.com/spf13/jwalterweatherman"
  packages = ["."]
  revision = "7c0cea34c8ece3fbeb2b27ab9b59511d360fb394"

[[projects]]
  name = "github.com/spf13/pflag"
  packages = ["."]
  revision = "583c0c0531f06d5278b7d917446061adc344b5cd"
  version = "v1.0.1"

[[projects]]
  name = "github.com/spf13/viper"
  packages = ["."]
  revision = "b5e8006cbee93ec955a89ab31e0e3ce3204f3736"
  version = "v1.0.2"

[[projects]]
  branch = "master"
  name = "github.com/streadway/amqp"
  packages = ["."]
  revision = "e5adc2ada8b8efff032bf61173a233d143e9318e"

[[projects]]
  name = "github.com/stretchr/objx"
  packages = ["."]
  revision = "477a77ecc69700c7cdeb1fa9e129548e1c1c393c"
  version = "v0.1.1"

[[projects]]
  name = "github.com/stretchr/testify"
  packages = [
    "assert",
    "mock"
  ]
  revision = "f35b8ab0b5a2cef36673838d662e249dd9c94686"
  version = "v1.2.2"

[[projects]]
  name = "github.com/tidwall/gjson"
  packages = ["."]
  revision = "f123b340873a0084cb27267eddd8ff615115fbff"
  version = "v1.1.2"

[[projects]]
  branch = "master"
  name = "github.com/tidwall/match"
  packages = ["."]
  revision = "1731857f09b1f38450e2c12409748407822dc6be"

[[projects]]
  branch = "master"
  name = "github.com/tyler-smith/go-bip39"
  packages = ["."]
  revision = "52158e4697b87de16ed390e1bdaf813e581008fa"

[[projects]]
  name = "github.com/ugorji/go"
  packages = ["codec"]
  revision = "b4c50a2b199d93b13dc15e78929cfb23bfdf21ab"
  version = "v1.1.1"

[[projects]]
  name = "github.com/urfave/cli"
  packages = ["."]
  revision = "cfb38830724cc34fedffe9a2a29fb54fa9169cd1"
  version = "v1.20.0"

[[projects]]
  branch = "master"
  name = "github.com/vivint/infectious"
  packages = ["."]
  revision = "a7f6b88306f82421052a94e4d6d947344e2d91f6"

[[projects]]
  branch = "master"
  name = "github.com/zeebo/admission"
  packages = [
    ".",
    "admmonkit",
    "admproto",
    "internal/batch"
  ]
  revision = "4b559a00e461be3ab8f62c903833181096df1399"

[[projects]]
  name = "github.com/zeebo/errs"
  packages = ["."]
  revision = "8153a6cd4ba0ca3013a037e14ccd7f7f5a7b40ac"
  version = "v0.2.0"

[[projects]]
  name = "github.com/zeebo/float16"
  packages = ["."]
  revision = "b97e955423666e5757900ffe8e816bacc557fdcf"
  version = "v0.1.0"

[[projects]]
  branch = "master"
  name = "github.com/zeebo/incenc"
  packages = ["."]
  revision = "0d92902eec542dda12cf62dfbcdd8397d3c821f5"

[[projects]]
  name = "go.uber.org/atomic"
  packages = ["."]
  revision = "1ea20fb1cbb1cc08cbd0d913a96dead89aa18289"
  version = "v1.3.2"

[[projects]]
  name = "go.uber.org/multierr"
  packages = ["."]
  revision = "3c4937480c32f4c13a875a1829af76c98ca3d40a"
  version = "v1.1.0"

[[projects]]
  name = "go.uber.org/zap"
  packages = [
    ".",
    "buffer",
    "internal/bufferpool",
    "internal/color",
    "internal/exit",
    "zapcore"
  ]
  revision = "eeedf312bc6c57391d84767a4cd413f02a917974"
  version = "v1.8.0"

[[projects]]
  branch = "master"
  name = "golang.org/x/crypto"
  packages = [
    "argon2",
    "blake2b",
    "chacha20poly1305",
    "ed25519",
    "ed25519/internal/edwards25519",
    "internal/chacha20",
    "internal/subtle",
    "nacl/secretbox",
    "pbkdf2",
    "poly1305",
    "salsa20/salsa",
    "sha3",
    "ssh/terminal"
  ]
  revision = "a49355c7e3f8fe157a85be2f77e6e269a0f89602"

[[projects]]
  branch = "master"
  name = "golang.org/x/net"
  packages = [
    "bpf",
    "context",
    "http/httpguts",
    "http2",
    "http2/hpack",
    "idna",
    "internal/iana",
    "internal/socket",
    "internal/socks",
    "internal/timeseries",
    "ipv4",
    "ipv6",
    "proxy",
    "trace",
    "websocket"
  ]
  revision = "32a936f46389aa10549d60bd7833e54b01685d09"

[[projects]]
  branch = "master"
  name = "golang.org/x/sys"
  packages = [
    "cpu",
    "unix",
    "windows"
  ]
  revision = "ce36f3865eeb42541ce3f87f32f8462c5687befa"

[[projects]]
  name = "golang.org/x/text"
  packages = [
    "collate",
    "collate/build",
    "internal/colltab",
    "internal/gen",
    "internal/tag",
    "internal/triegen",
    "internal/ucd",
    "language",
    "secure/bidirule",
    "transform",
    "unicode/bidi",
    "unicode/cldr",
    "unicode/norm",
    "unicode/rangetable"
  ]
  revision = "f21a4dfb5e38f5895301dc265a8def02365cc3d0"
  version = "v0.3.0"

[[projects]]
  branch = "master"
  name = "golang.org/x/time"
  packages = ["rate"]
  revision = "fbb02b2291d28baffd63558aa44b4b56f178d650"

[[projects]]
  name = "google.golang.org/appengine"
  packages = ["cloudsql"]
  revision = "b1f26356af11148e710935ed1ac8a7f5702c7612"
  version = "v1.1.0"

[[projects]]
  branch = "master"
  name = "google.golang.org/genproto"
  packages = ["googleapis/rpc/status"]
  revision = "ff3583edef7de132f219f0efc00e097cabcc0ec0"

[[projects]]
  name = "google.golang.org/grpc"
  packages = [
    ".",
    "balancer",
    "balancer/base",
    "balancer/roundrobin",
    "codes",
    "connectivity",
    "credentials",
    "encoding",
    "encoding/proto",
    "grpclog",
    "internal",
    "internal/backoff",
    "internal/channelz",
    "internal/grpcrand",
    "keepalive",
    "metadata",
    "naming",
    "peer",
    "resolver",
    "resolver/dns",
    "resolver/passthrough",
    "stats",
    "status",
    "tap",
    "transport"
  ]
  revision = "168a6198bcb0ef175f7dacec0b8691fc141dc9b8"
  version = "v1.13.0"

[[projects]]
  name = "gopkg.in/Shopify/sarama.v1"
  packages = ["."]
  revision = "35324cf48e33d8260e1c7c18854465a904ade249"
  version = "v1.17.0"

[[projects]]
  name = "gopkg.in/VividCortex/ewma.v1"
  packages = ["."]
  revision = "b24eb346a94c3ba12c1da1e564dbac1b498a77ce"
  version = "v1.1.1"

[[projects]]
  name = "gopkg.in/cheggaaa/pb.v2"
  packages = ["termutil"]
  revision = "c112833d014c77e8bde723fd0158e3156951639f"
  version = "v2.0.6"

[[projects]]
  name = "gopkg.in/fatih/color.v1"
  packages = ["."]
  revision = "5b77d2a35fb0ede96d138fc9a99f5c9b6aef11b4"
  version = "v1.7.0"

[[projects]]
  name = "gopkg.in/mattn/go-colorable.v0"
  packages = ["."]
  revision = "167de6bfdfba052fa6b2d3664c8f5272e23c9072"
  version = "v0.0.9"

[[projects]]
  name = "gopkg.in/mattn/go-isatty.v0"
  packages = ["."]
  revision = "0360b2af4f38e8d38c7fce2a9f4e702702d73a39"
  version = "v0.0.3"

[[projects]]
  name = "gopkg.in/mattn/go-runewidth.v0"
  packages = ["."]
  revision = "9e777a8366cce605130a531d2cd6363d07ad7317"
  version = "v0.0.2"

[[projects]]
  name = "gopkg.in/olivere/elastic.v5"
  packages = [
    ".",
    "config",
    "uritemplates"
  ]
  revision = "b708306d715bea9b983685e94ab4602cdc9f988b"
  version = "v5.0.69"

[[projects]]
  branch = "v2"
  name = "gopkg.in/spacemonkeygo/monkit.v2"
  packages = [
    ".",
    "collect",
    "environment",
    "present"
  ]
  revision = "694b83f5e32bc022759395dca3c5520d66eb9760"

[[projects]]
  name = "gopkg.in/yaml.v2"
  packages = ["."]
  revision = "5420a8b6744d3b0345ab293f6fcba19c978f1183"
  version = "v2.2.1"

[solve-meta]
  analyzer-name = "dep"
  analyzer-version = 1
  inputs-digest = "a50afe3b6d52fe87334289cdd68c44e71eaeff276ad8d822dfc1754d98982e1a"
  solver-name = "gps-cdcl"
  solver-version = 1
