{
  "definitions": [
    {
      "protopath": "types.proto",
      "def": {
        "messages": [
          {
            "name": "Caveat",
            "fields": [
              {
                "id": 1,
                "name": "disallow_reads",
                "type": "bool"
              },
              {
                "id": 2,
                "name": "disallow_writes",
                "type": "bool"
              },
              {
                "id": 3,
                "name": "disallow_lists",
                "type": "bool"
              },
              {
                "id": 4,
                "name": "disallow_deletes",
                "type": "bool"
              },
              {
                "id": 10,
                "name": "allowed_paths",
                "type": "Path",
                "is_repeated": true
              },
              {
                "id": 20,
                "name": "not_after",
                "type": "google.protobuf.Timestamp",
                "options": [
                  {
                    "name": "(gogoproto.stdtime)",
                    "value": "true"
                  }
                ]
              },
              {
                "id": 21,
                "name": "not_before",
                "type": "google.protobuf.Timestamp",
                "options": [
                  {
                    "name": "(gogoproto.stdtime)",
                    "value": "true"
                  }
                ]
              },
              {
                "id": 30,
                "name": "nonce",
                "type": "bytes"
              }
            ],
            "messages": [
              {
                "name": "Path",
                "fields": [
                  {
                    "id": 1,
                    "name": "bucket",
                    "type": "bytes"
                  },
                  {
                    "id": 2,
                    "name": "encrypted_path_prefix",
                    "type": "bytes"
                  }
                ]
              }
            ]
          }
        ],
        "imports": [
          {
            "path": "gogo.proto"
          },
          {
            "path": "google/protobuf/timestamp.proto"
          }
        ],
        "package": {
          "name": "macaroon"
        }
      }
    }
  ]
}